PODS:
  - DDLicenseViewController (0.3.0)
  - SVProgressHUD (2.2.2)

DEPENDENCIES:
  - DDLicenseViewController (from `../DDLicenseViewController`)
  - SVProgressHUD

SPEC REPOS:
  https://github.com/cocoapods/specs.git:
    - SVProgressHUD

EXTERNAL SOURCES:
  DDLicenseViewController:
    :path: "../DDLicenseViewController"

SPEC CHECKSUMS:
  DDLicenseViewController: 4a9e97e7ae6562a2230c5de15adc80efc43d2b39
  SVProgressHUD: 59b2d3dabacbd051576d21d32293ca7228dc18b0

PODFILE CHECKSUM: 7ec5a80bd4ff697b905a17fc8a3cd4f6968459df

COCOAPODS: 1.5.3
