// !$*UTF8*$!
{
	archiveVersion = 1;
	classes = {
	};
	objectVersion = 46;
	objects = {

/* Begin PBXBuildFile section */
		915F5FB41A1B0A1700DF7089 /* WebPDFFramework.h in Headers */ = {isa = PBXBuildFile; fileRef = 915F5FB31A1B0A1700DF7089 /* WebPDFFramework.h */; settings = {ATTRIBUTES = (Public, ); }; };
		915F5FBA1A1B0A1700DF7089 /* WebPDFFramework.framework in Frameworks */ = {isa = PBXBuildFile; fileRef = 915F5FAF1A1B0A1700DF7089 /* WebPDFFramework.framework */; };
		915F5FC31A1B0A1700DF7089 /* WebPDFFrameworkTests.m in Sources */ = {isa = PBXBuildFile; fileRef = 915F5FC21A1B0A1700DF7089 /* WebPDFFrameworkTests.m */; };
		915F5FC61A1B0A1700DF7089 /* WebPDFFramework.framework in Frameworks */ = {isa = PBXBuildFile; fileRef = 915F5FAF1A1B0A1700DF7089 /* WebPDFFramework.framework */; };
		915F5FC71A1B0A1700DF7089 /* WebPDFFramework.framework in Embed Frameworks */ = {isa = PBXBuildFile; fileRef = 915F5FAF1A1B0A1700DF7089 /* WebPDFFramework.framework */; settings = {ATTRIBUTES = (CodeSignOnCopy, RemoveHeadersOnCopy, ); }; };
		915F5FD61A1B0F6400DF7089 /* UIWebView+PDF.m in Sources */ = {isa = PBXBuildFile; fileRef = 915F5FD01A1B0ABF00DF7089 /* UIWebView+PDF.m */; };
		915F5FD81A1B0F6400DF7089 /* UIWebView+Image.m in Sources */ = {isa = PBXBuildFile; fileRef = 915F5FD31A1B0BEA00DF7089 /* UIWebView+Image.m */; };
		915F5FDA1A1B0F6400DF7089 /* UIPrintPageRenderer+PDF.m in Sources */ = {isa = PBXBuildFile; fileRef = 91D91E9B1A09CCBA00A89F80 /* UIPrintPageRenderer+PDF.m */; };
		915F5FDB1A1B110C00DF7089 /* UIWebView+PDF.h in Headers */ = {isa = PBXBuildFile; fileRef = 915F5FCF1A1B0ABF00DF7089 /* UIWebView+PDF.h */; settings = {ATTRIBUTES = (Public, ); }; };
		915F5FDC1A1B111000DF7089 /* UIWebView+Image.h in Headers */ = {isa = PBXBuildFile; fileRef = 915F5FD21A1B0BEA00DF7089 /* UIWebView+Image.h */; settings = {ATTRIBUTES = (Public, ); }; };
		915F5FDD1A1B111500DF7089 /* UIPrintPageRenderer+PDF.h in Headers */ = {isa = PBXBuildFile; fileRef = 91D91E9A1A09CCBA00A89F80 /* UIPrintPageRenderer+PDF.h */; settings = {ATTRIBUTES = (Public, ); }; };
		915F5FDE1A1B114400DF7089 /* UIColor+WebPDF.m in Sources */ = {isa = PBXBuildFile; fileRef = 91A6F3131A0EB8510066A9B6 /* UIColor+WebPDF.m */; };
		915F5FE11A1B19D900DF7089 /* WebPDFFramework.framework in Frameworks */ = {isa = PBXBuildFile; fileRef = 915F5FAF1A1B0A1700DF7089 /* WebPDFFramework.framework */; };
		91638B921A1909C000B7FFCA /* ActionViewController.m in Sources */ = {isa = PBXBuildFile; fileRef = 91638B911A1909C000B7FFCA /* ActionViewController.m */; };
		91638B941A1909C000B7FFCA /* MainInterface.storyboard in Resources */ = {isa = PBXBuildFile; fileRef = 91638B931A1909C000B7FFCA /* MainInterface.storyboard */; };
		91638B971A1909C000B7FFCA /* ActionExtension.appex in Embed App Extensions */ = {isa = PBXBuildFile; fileRef = 91638B8C1A1909C000B7FFCA /* ActionExtension.appex */; settings = {ATTRIBUTES = (RemoveHeadersOnCopy, ); }; };
		91638B9D1A1909E400B7FFCA /* ActionExtensionImages.xcassets in Resources */ = {isa = PBXBuildFile; fileRef = 91638B9C1A1909E400B7FFCA /* ActionExtensionImages.xcassets */; };
		917DC5752625D21600B7886D /* DDLicenseViewController.m in Sources */ = {isa = PBXBuildFile; fileRef = 917DC56F2625D21600B7886D /* DDLicenseViewController.m */; };
		917DC5762625D21600B7886D /* DDLicense.m in Sources */ = {isa = PBXBuildFile; fileRef = 917DC5732625D21600B7886D /* DDLicense.m */; };
		917DC5772625D21600B7886D /* DDLicensesViewController.m in Sources */ = {isa = PBXBuildFile; fileRef = 917DC5742625D21600B7886D /* DDLicensesViewController.m */; };
		917DC59D2625D8AF00B7886D /* SVRadialGradientLayer.m in Sources */ = {isa = PBXBuildFile; fileRef = 917DC5932625D8AF00B7886D /* SVRadialGradientLayer.m */; };
		917DC59E2625D8AF00B7886D /* SVProgressAnimatedView.m in Sources */ = {isa = PBXBuildFile; fileRef = 917DC5962625D8AF00B7886D /* SVProgressAnimatedView.m */; };
		917DC59F2625D8AF00B7886D /* SVProgressHUD.m in Sources */ = {isa = PBXBuildFile; fileRef = 917DC5992625D8AF00B7886D /* SVProgressHUD.m */; };
		917DC5A02625D8AF00B7886D /* SVIndefiniteAnimatedView.m in Sources */ = {isa = PBXBuildFile; fileRef = 917DC59A2625D8AF00B7886D /* SVIndefiniteAnimatedView.m */; };
		917DC5A12625D8AF00B7886D /* SVProgressHUD.bundle in Resources */ = {isa = PBXBuildFile; fileRef = 917DC59B2625D8AF00B7886D /* SVProgressHUD.bundle */; };
		91A6F2F61A09E68C0066A9B6 /* NSString+Timestamp.m in Sources */ = {isa = PBXBuildFile; fileRef = 91A6F2F51A09E68C0066A9B6 /* NSString+Timestamp.m */; };
		91A6F2F91A09EDBE0066A9B6 /* PageListTableViewCell.m in Sources */ = {isa = PBXBuildFile; fileRef = 91A6F2F81A09EDBE0066A9B6 /* PageListTableViewCell.m */; };
		91A6F30B1A0E6B1A0066A9B6 /* SettingsViewController.m in Sources */ = {isa = PBXBuildFile; fileRef = 91A6F30A1A0E6B1A0066A9B6 /* SettingsViewController.m */; };
		91A6F30E1A0E72600066A9B6 /* SettingsTableViewCell.m in Sources */ = {isa = PBXBuildFile; fileRef = 91A6F30D1A0E72600066A9B6 /* SettingsTableViewCell.m */; };
		91A6F3171A0F21650066A9B6 /* WebPDFUtils.m in Sources */ = {isa = PBXBuildFile; fileRef = 91A6F3161A0F21650066A9B6 /* WebPDFUtils.m */; };
		91A6F31A1A0F2BEF0066A9B6 /* HTMLViewController.m in Sources */ = {isa = PBXBuildFile; fileRef = 91A6F3191A0F2BEF0066A9B6 /* HTMLViewController.m */; };
		91A6F31F1A0F31010066A9B6 /* about.html in Resources */ = {isa = PBXBuildFile; fileRef = 91A6F31E1A0F31010066A9B6 /* about.html */; };
		91A6F3221A0FC7020066A9B6 /* new.html in Resources */ = {isa = PBXBuildFile; fileRef = 91A6F3211A0FC7020066A9B6 /* new.html */; };
		91B9EC4C1A39616500BCBCEA /* Licenses.plist in Resources */ = {isa = PBXBuildFile; fileRef = 91B9EC4B1A39616500BCBCEA /* Licenses.plist */; };
		91D91E711A09CC2A00A89F80 /* main.m in Sources */ = {isa = PBXBuildFile; fileRef = 91D91E701A09CC2A00A89F80 /* main.m */; };
		91D91E741A09CC2A00A89F80 /* AppDelegate.m in Sources */ = {isa = PBXBuildFile; fileRef = 91D91E731A09CC2A00A89F80 /* AppDelegate.m */; };
		91D91E771A09CC2A00A89F80 /* WebPDF.xcdatamodeld in Sources */ = {isa = PBXBuildFile; fileRef = 91D91E751A09CC2A00A89F80 /* WebPDF.xcdatamodeld */; };
		91D91E7A1A09CC2A00A89F80 /* MasterViewController.m in Sources */ = {isa = PBXBuildFile; fileRef = 91D91E791A09CC2A00A89F80 /* MasterViewController.m */; };
		91D91E7D1A09CC2A00A89F80 /* DetailViewController.m in Sources */ = {isa = PBXBuildFile; fileRef = 91D91E7C1A09CC2A00A89F80 /* DetailViewController.m */; };
		91D91E801A09CC2A00A89F80 /* Main.storyboard in Resources */ = {isa = PBXBuildFile; fileRef = 91D91E7E1A09CC2A00A89F80 /* Main.storyboard */; };
		91D91E821A09CC2A00A89F80 /* Images.xcassets in Resources */ = {isa = PBXBuildFile; fileRef = 91D91E811A09CC2A00A89F80 /* Images.xcassets */; };
		91D91E851A09CC2A00A89F80 /* LaunchScreen.xib in Resources */ = {isa = PBXBuildFile; fileRef = 91D91E831A09CC2A00A89F80 /* LaunchScreen.xib */; };
		91D91E911A09CC2A00A89F80 /* WebPDFTests.m in Sources */ = {isa = PBXBuildFile; fileRef = 91D91E901A09CC2A00A89F80 /* WebPDFTests.m */; };
		91D91E9F1A09CCBA00A89F80 /* WebViewController.m in Sources */ = {isa = PBXBuildFile; fileRef = 91D91E9D1A09CCBA00A89F80 /* WebViewController.m */; };
/* End PBXBuildFile section */

/* Begin PBXContainerItemProxy section */
		915F5FBB1A1B0A1700DF7089 /* PBXContainerItemProxy */ = {
			isa = PBXContainerItemProxy;
			containerPortal = 91D91E631A09CC2A00A89F80 /* Project object */;
			proxyType = 1;
			remoteGlobalIDString = 915F5FAE1A1B0A1700DF7089;
			remoteInfo = WebPDFFramework;
		};
		915F5FBD1A1B0A1700DF7089 /* PBXContainerItemProxy */ = {
			isa = PBXContainerItemProxy;
			containerPortal = 91D91E631A09CC2A00A89F80 /* Project object */;
			proxyType = 1;
			remoteGlobalIDString = 91D91E6A1A09CC2A00A89F80;
			remoteInfo = WebPDF;
		};
		915F5FC41A1B0A1700DF7089 /* PBXContainerItemProxy */ = {
			isa = PBXContainerItemProxy;
			containerPortal = 91D91E631A09CC2A00A89F80 /* Project object */;
			proxyType = 1;
			remoteGlobalIDString = 915F5FAE1A1B0A1700DF7089;
			remoteInfo = WebPDFFramework;
		};
		91638B951A1909C000B7FFCA /* PBXContainerItemProxy */ = {
			isa = PBXContainerItemProxy;
			containerPortal = 91D91E631A09CC2A00A89F80 /* Project object */;
			proxyType = 1;
			remoteGlobalIDString = 91638B8B1A1909C000B7FFCA;
			remoteInfo = ActionExtension;
		};
		91D91E8B1A09CC2A00A89F80 /* PBXContainerItemProxy */ = {
			isa = PBXContainerItemProxy;
			containerPortal = 91D91E631A09CC2A00A89F80 /* Project object */;
			proxyType = 1;
			remoteGlobalIDString = 91D91E6A1A09CC2A00A89F80;
			remoteInfo = WebPDF;
		};
/* End PBXContainerItemProxy section */

/* Begin PBXCopyFilesBuildPhase section */
		915F5FCD1A1B0A1700DF7089 /* Embed Frameworks */ = {
			isa = PBXCopyFilesBuildPhase;
			buildActionMask = 2147483647;
			dstPath = "";
			dstSubfolderSpec = 10;
			files = (
				915F5FC71A1B0A1700DF7089 /* WebPDFFramework.framework in Embed Frameworks */,
			);
			name = "Embed Frameworks";
			runOnlyForDeploymentPostprocessing = 0;
		};
		91638B9B1A1909C000B7FFCA /* Embed App Extensions */ = {
			isa = PBXCopyFilesBuildPhase;
			buildActionMask = 2147483647;
			dstPath = "";
			dstSubfolderSpec = 13;
			files = (
				91638B971A1909C000B7FFCA /* ActionExtension.appex in Embed App Extensions */,
			);
			name = "Embed App Extensions";
			runOnlyForDeploymentPostprocessing = 0;
		};
/* End PBXCopyFilesBuildPhase section */

/* Begin PBXFileReference section */
		915F5FAF1A1B0A1700DF7089 /* WebPDFFramework.framework */ = {isa = PBXFileReference; explicitFileType = wrapper.framework; includeInIndex = 0; path = WebPDFFramework.framework; sourceTree = BUILT_PRODUCTS_DIR; };
		915F5FB21A1B0A1700DF7089 /* Info.plist */ = {isa = PBXFileReference; lastKnownFileType = text.plist.xml; path = Info.plist; sourceTree = "<group>"; };
		915F5FB31A1B0A1700DF7089 /* WebPDFFramework.h */ = {isa = PBXFileReference; lastKnownFileType = sourcecode.c.h; path = WebPDFFramework.h; sourceTree = "<group>"; };
		915F5FB91A1B0A1700DF7089 /* WebPDFFrameworkTests.xctest */ = {isa = PBXFileReference; explicitFileType = wrapper.cfbundle; includeInIndex = 0; path = WebPDFFrameworkTests.xctest; sourceTree = BUILT_PRODUCTS_DIR; };
		915F5FC11A1B0A1700DF7089 /* Info.plist */ = {isa = PBXFileReference; lastKnownFileType = text.plist.xml; path = Info.plist; sourceTree = "<group>"; };
		915F5FC21A1B0A1700DF7089 /* WebPDFFrameworkTests.m */ = {isa = PBXFileReference; lastKnownFileType = sourcecode.c.objc; path = WebPDFFrameworkTests.m; sourceTree = "<group>"; };
		915F5FCF1A1B0ABF00DF7089 /* UIWebView+PDF.h */ = {isa = PBXFileReference; fileEncoding = 4; lastKnownFileType = sourcecode.c.h; name = "UIWebView+PDF.h"; path = "../WebPDF/UIWebView+PDF.h"; sourceTree = "<group>"; };
		915F5FD01A1B0ABF00DF7089 /* UIWebView+PDF.m */ = {isa = PBXFileReference; fileEncoding = 4; lastKnownFileType = sourcecode.c.objc; name = "UIWebView+PDF.m"; path = "../WebPDF/UIWebView+PDF.m"; sourceTree = "<group>"; };
		915F5FD21A1B0BEA00DF7089 /* UIWebView+Image.h */ = {isa = PBXFileReference; fileEncoding = 4; lastKnownFileType = sourcecode.c.h; name = "UIWebView+Image.h"; path = "../WebPDF/UIWebView+Image.h"; sourceTree = "<group>"; };
		915F5FD31A1B0BEA00DF7089 /* UIWebView+Image.m */ = {isa = PBXFileReference; fileEncoding = 4; lastKnownFileType = sourcecode.c.objc; name = "UIWebView+Image.m"; path = "../WebPDF/UIWebView+Image.m"; sourceTree = "<group>"; };
		915F5FDF1A1B129200DF7089 /* libPods.a */ = {isa = PBXFileReference; lastKnownFileType = archive.ar; name = libPods.a; path = "Pods/build/Debug-iphoneos/libPods.a"; sourceTree = "<group>"; };
		91638B8C1A1909C000B7FFCA /* ActionExtension.appex */ = {isa = PBXFileReference; explicitFileType = "wrapper.app-extension"; includeInIndex = 0; path = ActionExtension.appex; sourceTree = BUILT_PRODUCTS_DIR; };
		91638B8F1A1909C000B7FFCA /* Info.plist */ = {isa = PBXFileReference; lastKnownFileType = text.plist.xml; path = Info.plist; sourceTree = "<group>"; };
		91638B901A1909C000B7FFCA /* ActionViewController.h */ = {isa = PBXFileReference; lastKnownFileType = sourcecode.c.h; path = ActionViewController.h; sourceTree = "<group>"; };
		91638B911A1909C000B7FFCA /* ActionViewController.m */ = {isa = PBXFileReference; lastKnownFileType = sourcecode.c.objc; path = ActionViewController.m; sourceTree = "<group>"; };
		91638B931A1909C000B7FFCA /* MainInterface.storyboard */ = {isa = PBXFileReference; lastKnownFileType = file.storyboard; path = MainInterface.storyboard; sourceTree = "<group>"; };
		91638B9C1A1909E400B7FFCA /* ActionExtensionImages.xcassets */ = {isa = PBXFileReference; lastKnownFileType = folder.assetcatalog; path = ActionExtensionImages.xcassets; sourceTree = "<group>"; };
		91638B9E1A190CA400B7FFCA /* WebPDF.entitlements */ = {isa = PBXFileReference; lastKnownFileType = text.xml; path = WebPDF.entitlements; sourceTree = "<group>"; };
		91638B9F1A190CCE00B7FFCA /* ActionExtension.entitlements */ = {isa = PBXFileReference; lastKnownFileType = text.xml; path = ActionExtension.entitlements; sourceTree = "<group>"; };
		917DC56F2625D21600B7886D /* DDLicenseViewController.m */ = {isa = PBXFileReference; fileEncoding = 4; lastKnownFileType = sourcecode.c.objc; name = DDLicenseViewController.m; path = DDLicensesViewController/DDLicenseViewController.m; sourceTree = "<group>"; };
		917DC5702625D21600B7886D /* DDLicense.h */ = {isa = PBXFileReference; fileEncoding = 4; lastKnownFileType = sourcecode.c.h; name = DDLicense.h; path = DDLicensesViewController/DDLicense.h; sourceTree = "<group>"; };
		917DC5712625D21600B7886D /* DDLicenseViewController.h */ = {isa = PBXFileReference; fileEncoding = 4; lastKnownFileType = sourcecode.c.h; name = DDLicenseViewController.h; path = DDLicensesViewController/DDLicenseViewController.h; sourceTree = "<group>"; };
		917DC5722625D21600B7886D /* DDLicensesViewController.h */ = {isa = PBXFileReference; fileEncoding = 4; lastKnownFileType = sourcecode.c.h; name = DDLicensesViewController.h; path = DDLicensesViewController/DDLicensesViewController.h; sourceTree = "<group>"; };
		917DC5732625D21600B7886D /* DDLicense.m */ = {isa = PBXFileReference; fileEncoding = 4; lastKnownFileType = sourcecode.c.objc; name = DDLicense.m; path = DDLicensesViewController/DDLicense.m; sourceTree = "<group>"; };
		917DC5742625D21600B7886D /* DDLicensesViewController.m */ = {isa = PBXFileReference; fileEncoding = 4; lastKnownFileType = sourcecode.c.objc; name = DDLicensesViewController.m; path = DDLicensesViewController/DDLicensesViewController.m; sourceTree = "<group>"; };
		917DC5932625D8AF00B7886D /* SVRadialGradientLayer.m */ = {isa = PBXFileReference; fileEncoding = 4; lastKnownFileType = sourcecode.c.objc; path = SVRadialGradientLayer.m; sourceTree = "<group>"; };
		917DC5942625D8AF00B7886D /* SVIndefiniteAnimatedView.h */ = {isa = PBXFileReference; fileEncoding = 4; lastKnownFileType = sourcecode.c.h; path = SVIndefiniteAnimatedView.h; sourceTree = "<group>"; };
		917DC5952625D8AF00B7886D /* SVProgressHUD.h */ = {isa = PBXFileReference; fileEncoding = 4; lastKnownFileType = sourcecode.c.h; path = SVProgressHUD.h; sourceTree = "<group>"; };
		917DC5962625D8AF00B7886D /* SVProgressAnimatedView.m */ = {isa = PBXFileReference; fileEncoding = 4; lastKnownFileType = sourcecode.c.objc; path = SVProgressAnimatedView.m; sourceTree = "<group>"; };
		917DC5972625D8AF00B7886D /* SVProgressHUD-Prefix.pch */ = {isa = PBXFileReference; fileEncoding = 4; lastKnownFileType = sourcecode.c.h; path = "SVProgressHUD-Prefix.pch"; sourceTree = "<group>"; };
		917DC5982625D8AF00B7886D /* SVRadialGradientLayer.h */ = {isa = PBXFileReference; fileEncoding = 4; lastKnownFileType = sourcecode.c.h; path = SVRadialGradientLayer.h; sourceTree = "<group>"; };
		917DC5992625D8AF00B7886D /* SVProgressHUD.m */ = {isa = PBXFileReference; fileEncoding = 4; lastKnownFileType = sourcecode.c.objc; path = SVProgressHUD.m; sourceTree = "<group>"; };
		917DC59A2625D8AF00B7886D /* SVIndefiniteAnimatedView.m */ = {isa = PBXFileReference; fileEncoding = 4; lastKnownFileType = sourcecode.c.objc; path = SVIndefiniteAnimatedView.m; sourceTree = "<group>"; };
		917DC59B2625D8AF00B7886D /* SVProgressHUD.bundle */ = {isa = PBXFileReference; lastKnownFileType = "wrapper.plug-in"; path = SVProgressHUD.bundle; sourceTree = "<group>"; };
		917DC59C2625D8AF00B7886D /* SVProgressAnimatedView.h */ = {isa = PBXFileReference; fileEncoding = 4; lastKnownFileType = sourcecode.c.h; path = SVProgressAnimatedView.h; sourceTree = "<group>"; };
		91A6F2F41A09E68C0066A9B6 /* NSString+Timestamp.h */ = {isa = PBXFileReference; fileEncoding = 4; lastKnownFileType = sourcecode.c.h; path = "NSString+Timestamp.h"; sourceTree = "<group>"; };
		91A6F2F51A09E68C0066A9B6 /* NSString+Timestamp.m */ = {isa = PBXFileReference; fileEncoding = 4; lastKnownFileType = sourcecode.c.objc; path = "NSString+Timestamp.m"; sourceTree = "<group>"; };
		91A6F2F71A09EDBE0066A9B6 /* PageListTableViewCell.h */ = {isa = PBXFileReference; fileEncoding = 4; lastKnownFileType = sourcecode.c.h; path = PageListTableViewCell.h; sourceTree = "<group>"; };
		91A6F2F81A09EDBE0066A9B6 /* PageListTableViewCell.m */ = {isa = PBXFileReference; fileEncoding = 4; lastKnownFileType = sourcecode.c.objc; path = PageListTableViewCell.m; sourceTree = "<group>"; };
		91A6F3081A0B54620066A9B6 /* PrefixHeader.pch */ = {isa = PBXFileReference; lastKnownFileType = sourcecode.c.h; path = PrefixHeader.pch; sourceTree = "<group>"; };
		91A6F3091A0E6B1A0066A9B6 /* SettingsViewController.h */ = {isa = PBXFileReference; fileEncoding = 4; lastKnownFileType = sourcecode.c.h; path = SettingsViewController.h; sourceTree = "<group>"; };
		91A6F30A1A0E6B1A0066A9B6 /* SettingsViewController.m */ = {isa = PBXFileReference; fileEncoding = 4; lastKnownFileType = sourcecode.c.objc; path = SettingsViewController.m; sourceTree = "<group>"; };
		91A6F30C1A0E72600066A9B6 /* SettingsTableViewCell.h */ = {isa = PBXFileReference; fileEncoding = 4; lastKnownFileType = sourcecode.c.h; path = SettingsTableViewCell.h; sourceTree = "<group>"; };
		91A6F30D1A0E72600066A9B6 /* SettingsTableViewCell.m */ = {isa = PBXFileReference; fileEncoding = 4; lastKnownFileType = sourcecode.c.objc; path = SettingsTableViewCell.m; sourceTree = "<group>"; };
		91A6F3121A0EB8510066A9B6 /* UIColor+WebPDF.h */ = {isa = PBXFileReference; fileEncoding = 4; lastKnownFileType = sourcecode.c.h; path = "UIColor+WebPDF.h"; sourceTree = "<group>"; };
		91A6F3131A0EB8510066A9B6 /* UIColor+WebPDF.m */ = {isa = PBXFileReference; fileEncoding = 4; lastKnownFileType = sourcecode.c.objc; path = "UIColor+WebPDF.m"; sourceTree = "<group>"; };
		91A6F3151A0F21650066A9B6 /* WebPDFUtils.h */ = {isa = PBXFileReference; fileEncoding = 4; lastKnownFileType = sourcecode.c.h; path = WebPDFUtils.h; sourceTree = "<group>"; };
		91A6F3161A0F21650066A9B6 /* WebPDFUtils.m */ = {isa = PBXFileReference; fileEncoding = 4; lastKnownFileType = sourcecode.c.objc; path = WebPDFUtils.m; sourceTree = "<group>"; };
		91A6F3181A0F2BEF0066A9B6 /* HTMLViewController.h */ = {isa = PBXFileReference; fileEncoding = 4; lastKnownFileType = sourcecode.c.h; path = HTMLViewController.h; sourceTree = "<group>"; };
		91A6F3191A0F2BEF0066A9B6 /* HTMLViewController.m */ = {isa = PBXFileReference; fileEncoding = 4; lastKnownFileType = sourcecode.c.objc; path = HTMLViewController.m; sourceTree = "<group>"; };
		91A6F31E1A0F31010066A9B6 /* about.html */ = {isa = PBXFileReference; fileEncoding = 4; lastKnownFileType = text.html; path = about.html; sourceTree = "<group>"; };
		91A6F3201A0FC57B0066A9B6 /* DDLogging.h */ = {isa = PBXFileReference; lastKnownFileType = sourcecode.c.h; path = DDLogging.h; sourceTree = "<group>"; };
		91A6F3211A0FC7020066A9B6 /* new.html */ = {isa = PBXFileReference; fileEncoding = 4; lastKnownFileType = text.html; path = new.html; sourceTree = "<group>"; };
		91B9EC4B1A39616500BCBCEA /* Licenses.plist */ = {isa = PBXFileReference; fileEncoding = 4; lastKnownFileType = text.plist.xml; path = Licenses.plist; sourceTree = "<group>"; };
		91D91E6B1A09CC2A00A89F80 /* WebPDF.app */ = {isa = PBXFileReference; explicitFileType = wrapper.application; includeInIndex = 0; path = WebPDF.app; sourceTree = BUILT_PRODUCTS_DIR; };
		91D91E6F1A09CC2A00A89F80 /* Info.plist */ = {isa = PBXFileReference; lastKnownFileType = text.plist.xml; path = Info.plist; sourceTree = "<group>"; };
		91D91E701A09CC2A00A89F80 /* main.m */ = {isa = PBXFileReference; lastKnownFileType = sourcecode.c.objc; path = main.m; sourceTree = "<group>"; };
		91D91E721A09CC2A00A89F80 /* AppDelegate.h */ = {isa = PBXFileReference; lastKnownFileType = sourcecode.c.h; path = AppDelegate.h; sourceTree = "<group>"; };
		91D91E731A09CC2A00A89F80 /* AppDelegate.m */ = {isa = PBXFileReference; lastKnownFileType = sourcecode.c.objc; path = AppDelegate.m; sourceTree = "<group>"; };
		91D91E761A09CC2A00A89F80 /* WebPDF.xcdatamodel */ = {isa = PBXFileReference; lastKnownFileType = wrapper.xcdatamodel; path = WebPDF.xcdatamodel; sourceTree = "<group>"; };
		91D91E781A09CC2A00A89F80 /* MasterViewController.h */ = {isa = PBXFileReference; lastKnownFileType = sourcecode.c.h; path = MasterViewController.h; sourceTree = "<group>"; };
		91D91E791A09CC2A00A89F80 /* MasterViewController.m */ = {isa = PBXFileReference; lastKnownFileType = sourcecode.c.objc; path = MasterViewController.m; sourceTree = "<group>"; };
		91D91E7B1A09CC2A00A89F80 /* DetailViewController.h */ = {isa = PBXFileReference; lastKnownFileType = sourcecode.c.h; path = DetailViewController.h; sourceTree = "<group>"; };
		91D91E7C1A09CC2A00A89F80 /* DetailViewController.m */ = {isa = PBXFileReference; lastKnownFileType = sourcecode.c.objc; path = DetailViewController.m; sourceTree = "<group>"; };
		91D91E7F1A09CC2A00A89F80 /* Base */ = {isa = PBXFileReference; lastKnownFileType = file.storyboard; name = Base; path = Base.lproj/Main.storyboard; sourceTree = "<group>"; };
		91D91E811A09CC2A00A89F80 /* Images.xcassets */ = {isa = PBXFileReference; lastKnownFileType = folder.assetcatalog; path = Images.xcassets; sourceTree = "<group>"; };
		91D91E841A09CC2A00A89F80 /* Base */ = {isa = PBXFileReference; lastKnownFileType = file.xib; name = Base; path = Base.lproj/LaunchScreen.xib; sourceTree = "<group>"; };
		91D91E8A1A09CC2A00A89F80 /* WebPDFTests.xctest */ = {isa = PBXFileReference; explicitFileType = wrapper.cfbundle; includeInIndex = 0; path = WebPDFTests.xctest; sourceTree = BUILT_PRODUCTS_DIR; };
		91D91E8F1A09CC2A00A89F80 /* Info.plist */ = {isa = PBXFileReference; lastKnownFileType = text.plist.xml; path = Info.plist; sourceTree = "<group>"; };
		91D91E901A09CC2A00A89F80 /* WebPDFTests.m */ = {isa = PBXFileReference; lastKnownFileType = sourcecode.c.objc; path = WebPDFTests.m; sourceTree = "<group>"; };
		91D91E9A1A09CCBA00A89F80 /* UIPrintPageRenderer+PDF.h */ = {isa = PBXFileReference; fileEncoding = 4; lastKnownFileType = sourcecode.c.h; name = "UIPrintPageRenderer+PDF.h"; path = "../WebPDF/UIPrintPageRenderer+PDF.h"; sourceTree = "<group>"; };
		91D91E9B1A09CCBA00A89F80 /* UIPrintPageRenderer+PDF.m */ = {isa = PBXFileReference; fileEncoding = 4; lastKnownFileType = sourcecode.c.objc; name = "UIPrintPageRenderer+PDF.m"; path = "../WebPDF/UIPrintPageRenderer+PDF.m"; sourceTree = "<group>"; };
		91D91E9C1A09CCBA00A89F80 /* WebViewController.h */ = {isa = PBXFileReference; fileEncoding = 4; lastKnownFileType = sourcecode.c.h; path = WebViewController.h; sourceTree = "<group>"; };
		91D91E9D1A09CCBA00A89F80 /* WebViewController.m */ = {isa = PBXFileReference; fileEncoding = 4; lastKnownFileType = sourcecode.c.objc; path = WebViewController.m; sourceTree = "<group>"; };
/* End PBXFileReference section */

/* Begin PBXFrameworksBuildPhase section */
		915F5FAB1A1B0A1700DF7089 /* Frameworks */ = {
			isa = PBXFrameworksBuildPhase;
			buildActionMask = 2147483647;
			files = (
			);
			runOnlyForDeploymentPostprocessing = 0;
		};
		915F5FB61A1B0A1700DF7089 /* Frameworks */ = {
			isa = PBXFrameworksBuildPhase;
			buildActionMask = 2147483647;
			files = (
				915F5FBA1A1B0A1700DF7089 /* WebPDFFramework.framework in Frameworks */,
			);
			runOnlyForDeploymentPostprocessing = 0;
		};
		91638B891A1909C000B7FFCA /* Frameworks */ = {
			isa = PBXFrameworksBuildPhase;
			buildActionMask = 2147483647;
			files = (
				915F5FE11A1B19D900DF7089 /* WebPDFFramework.framework in Frameworks */,
			);
			runOnlyForDeploymentPostprocessing = 0;
		};
		91D91E681A09CC2A00A89F80 /* Frameworks */ = {
			isa = PBXFrameworksBuildPhase;
			buildActionMask = 2147483647;
			files = (
				915F5FC61A1B0A1700DF7089 /* WebPDFFramework.framework in Frameworks */,
			);
			runOnlyForDeploymentPostprocessing = 0;
		};
		91D91E871A09CC2A00A89F80 /* Frameworks */ = {
			isa = PBXFrameworksBuildPhase;
			buildActionMask = 2147483647;
			files = (
			);
			runOnlyForDeploymentPostprocessing = 0;
		};
/* End PBXFrameworksBuildPhase section */

/* Begin PBXGroup section */
		915F5FB01A1B0A1700DF7089 /* WebPDFFramework */ = {
			isa = PBXGroup;
			children = (
				915F5FB31A1B0A1700DF7089 /* WebPDFFramework.h */,
				915F5FCF1A1B0ABF00DF7089 /* UIWebView+PDF.h */,
				915F5FD01A1B0ABF00DF7089 /* UIWebView+PDF.m */,
				915F5FD21A1B0BEA00DF7089 /* UIWebView+Image.h */,
				915F5FD31A1B0BEA00DF7089 /* UIWebView+Image.m */,
				91D91E9A1A09CCBA00A89F80 /* UIPrintPageRenderer+PDF.h */,
				91D91E9B1A09CCBA00A89F80 /* UIPrintPageRenderer+PDF.m */,
				915F5FB11A1B0A1700DF7089 /* Supporting Files */,
			);
			path = WebPDFFramework;
			sourceTree = "<group>";
		};
		915F5FB11A1B0A1700DF7089 /* Supporting Files */ = {
			isa = PBXGroup;
			children = (
				915F5FB21A1B0A1700DF7089 /* Info.plist */,
			);
			name = "Supporting Files";
			sourceTree = "<group>";
		};
		915F5FBF1A1B0A1700DF7089 /* WebPDFFrameworkTests */ = {
			isa = PBXGroup;
			children = (
				915F5FC21A1B0A1700DF7089 /* WebPDFFrameworkTests.m */,
				915F5FC01A1B0A1700DF7089 /* Supporting Files */,
			);
			path = WebPDFFrameworkTests;
			sourceTree = "<group>";
		};
		915F5FC01A1B0A1700DF7089 /* Supporting Files */ = {
			isa = PBXGroup;
			children = (
				915F5FC11A1B0A1700DF7089 /* Info.plist */,
			);
			name = "Supporting Files";
			sourceTree = "<group>";
		};
		91638B8D1A1909C000B7FFCA /* ActionExtension */ = {
			isa = PBXGroup;
			children = (
				91638B9F1A190CCE00B7FFCA /* ActionExtension.entitlements */,
				91638B901A1909C000B7FFCA /* ActionViewController.h */,
				91638B911A1909C000B7FFCA /* ActionViewController.m */,
				91638B931A1909C000B7FFCA /* MainInterface.storyboard */,
				91638B8E1A1909C000B7FFCA /* Supporting Files */,
				91638B9C1A1909E400B7FFCA /* ActionExtensionImages.xcassets */,
			);
			path = ActionExtension;
			sourceTree = "<group>";
		};
		91638B8E1A1909C000B7FFCA /* Supporting Files */ = {
			isa = PBXGroup;
			children = (
				91638B8F1A1909C000B7FFCA /* Info.plist */,
			);
			name = "Supporting Files";
			sourceTree = "<group>";
		};
		917DC56E2625D1EB00B7886D /* DDLicensesViewController */ = {
			isa = PBXGroup;
			children = (
				917DC5702625D21600B7886D /* DDLicense.h */,
				917DC5732625D21600B7886D /* DDLicense.m */,
				917DC5722625D21600B7886D /* DDLicensesViewController.h */,
				917DC5742625D21600B7886D /* DDLicensesViewController.m */,
				917DC5712625D21600B7886D /* DDLicenseViewController.h */,
				917DC56F2625D21600B7886D /* DDLicenseViewController.m */,
			);
			name = DDLicensesViewController;
			sourceTree = "<group>";
		};
		917DC5922625D8AF00B7886D /* SVProgressHUD */ = {
			isa = PBXGroup;
			children = (
				917DC5932625D8AF00B7886D /* SVRadialGradientLayer.m */,
				917DC5942625D8AF00B7886D /* SVIndefiniteAnimatedView.h */,
				917DC5952625D8AF00B7886D /* SVProgressHUD.h */,
				917DC5962625D8AF00B7886D /* SVProgressAnimatedView.m */,
				917DC5972625D8AF00B7886D /* SVProgressHUD-Prefix.pch */,
				917DC5982625D8AF00B7886D /* SVRadialGradientLayer.h */,
				917DC5992625D8AF00B7886D /* SVProgressHUD.m */,
				917DC59A2625D8AF00B7886D /* SVIndefiniteAnimatedView.m */,
				917DC59B2625D8AF00B7886D /* SVProgressHUD.bundle */,
				917DC59C2625D8AF00B7886D /* SVProgressAnimatedView.h */,
			);
			name = SVProgressHUD;
			path = Libs/SVProgressHUD/SVProgressHUD;
			sourceTree = SOURCE_ROOT;
		};
		91A6F30F1A0E72720066A9B6 /* Controllers */ = {
			isa = PBXGroup;
			children = (
				91D91E781A09CC2A00A89F80 /* MasterViewController.h */,
				91D91E791A09CC2A00A89F80 /* MasterViewController.m */,
				91D91E7B1A09CC2A00A89F80 /* DetailViewController.h */,
				91D91E7C1A09CC2A00A89F80 /* DetailViewController.m */,
				91D91E9C1A09CCBA00A89F80 /* WebViewController.h */,
				91D91E9D1A09CCBA00A89F80 /* WebViewController.m */,
				91A6F3091A0E6B1A0066A9B6 /* SettingsViewController.h */,
				91A6F30A1A0E6B1A0066A9B6 /* SettingsViewController.m */,
				91A6F3181A0F2BEF0066A9B6 /* HTMLViewController.h */,
				91A6F3191A0F2BEF0066A9B6 /* HTMLViewController.m */,
			);
			name = Controllers;
			sourceTree = "<group>";
		};
		91A6F3101A0E72770066A9B6 /* Categories */ = {
			isa = PBXGroup;
			children = (
				91A6F2F41A09E68C0066A9B6 /* NSString+Timestamp.h */,
				91A6F2F51A09E68C0066A9B6 /* NSString+Timestamp.m */,
				91A6F3121A0EB8510066A9B6 /* UIColor+WebPDF.h */,
				91A6F3131A0EB8510066A9B6 /* UIColor+WebPDF.m */,
			);
			name = Categories;
			sourceTree = "<group>";
		};
		91A6F3111A0E727C0066A9B6 /* Cells */ = {
			isa = PBXGroup;
			children = (
				91A6F2F71A09EDBE0066A9B6 /* PageListTableViewCell.h */,
				91A6F2F81A09EDBE0066A9B6 /* PageListTableViewCell.m */,
				91A6F30C1A0E72600066A9B6 /* SettingsTableViewCell.h */,
				91A6F30D1A0E72600066A9B6 /* SettingsTableViewCell.m */,
			);
			name = Cells;
			sourceTree = "<group>";
		};
		91A6F31B1A0F2EEB0066A9B6 /* HTML */ = {
			isa = PBXGroup;
			children = (
				91A6F31E1A0F31010066A9B6 /* about.html */,
				91A6F3211A0FC7020066A9B6 /* new.html */,
			);
			name = HTML;
			sourceTree = "<group>";
		};
		91A6F3231A0FCE8C0066A9B6 /* Utils */ = {
			isa = PBXGroup;
			children = (
				91A6F3151A0F21650066A9B6 /* WebPDFUtils.h */,
				91A6F3161A0F21650066A9B6 /* WebPDFUtils.m */,
				91A6F3201A0FC57B0066A9B6 /* DDLogging.h */,
			);
			name = Utils;
			sourceTree = "<group>";
		};
		91D91E621A09CC2A00A89F80 = {
			isa = PBXGroup;
			children = (
				91D91E6D1A09CC2A00A89F80 /* WebPDF */,
				91D91E8D1A09CC2A00A89F80 /* WebPDFTests */,
				91638B8D1A1909C000B7FFCA /* ActionExtension */,
				915F5FB01A1B0A1700DF7089 /* WebPDFFramework */,
				915F5FBF1A1B0A1700DF7089 /* WebPDFFrameworkTests */,
				91D91E6C1A09CC2A00A89F80 /* Products */,
				EEF824412E15B9E9211AD00E /* Frameworks */,
			);
			sourceTree = "<group>";
		};
		91D91E6C1A09CC2A00A89F80 /* Products */ = {
			isa = PBXGroup;
			children = (
				91D91E6B1A09CC2A00A89F80 /* WebPDF.app */,
				91D91E8A1A09CC2A00A89F80 /* WebPDFTests.xctest */,
				91638B8C1A1909C000B7FFCA /* ActionExtension.appex */,
				915F5FAF1A1B0A1700DF7089 /* WebPDFFramework.framework */,
				915F5FB91A1B0A1700DF7089 /* WebPDFFrameworkTests.xctest */,
			);
			name = Products;
			sourceTree = "<group>";
		};
		91D91E6D1A09CC2A00A89F80 /* WebPDF */ = {
			isa = PBXGroup;
			children = (
				917DC5922625D8AF00B7886D /* SVProgressHUD */,
				917DC56E2625D1EB00B7886D /* DDLicensesViewController */,
				91638B9E1A190CA400B7FFCA /* WebPDF.entitlements */,
				91A6F3231A0FCE8C0066A9B6 /* Utils */,
				91A6F31B1A0F2EEB0066A9B6 /* HTML */,
				91A6F3111A0E727C0066A9B6 /* Cells */,
				91A6F3101A0E72770066A9B6 /* Categories */,
				91A6F30F1A0E72720066A9B6 /* Controllers */,
				91D91E721A09CC2A00A89F80 /* AppDelegate.h */,
				91D91E731A09CC2A00A89F80 /* AppDelegate.m */,
				91D91E7E1A09CC2A00A89F80 /* Main.storyboard */,
				91D91E831A09CC2A00A89F80 /* LaunchScreen.xib */,
				91B9EC4B1A39616500BCBCEA /* Licenses.plist */,
				91D91E811A09CC2A00A89F80 /* Images.xcassets */,
				91D91E751A09CC2A00A89F80 /* WebPDF.xcdatamodeld */,
				91D91E6E1A09CC2A00A89F80 /* Supporting Files */,
				91A6F3081A0B54620066A9B6 /* PrefixHeader.pch */,
			);
			path = WebPDF;
			sourceTree = "<group>";
		};
		91D91E6E1A09CC2A00A89F80 /* Supporting Files */ = {
			isa = PBXGroup;
			children = (
				91D91E6F1A09CC2A00A89F80 /* Info.plist */,
				91D91E701A09CC2A00A89F80 /* main.m */,
			);
			name = "Supporting Files";
			sourceTree = "<group>";
		};
		91D91E8D1A09CC2A00A89F80 /* WebPDFTests */ = {
			isa = PBXGroup;
			children = (
				91D91E901A09CC2A00A89F80 /* WebPDFTests.m */,
				91D91E8E1A09CC2A00A89F80 /* Supporting Files */,
			);
			path = WebPDFTests;
			sourceTree = "<group>";
		};
		91D91E8E1A09CC2A00A89F80 /* Supporting Files */ = {
			isa = PBXGroup;
			children = (
				91D91E8F1A09CC2A00A89F80 /* Info.plist */,
			);
			name = "Supporting Files";
			sourceTree = "<group>";
		};
		EEF824412E15B9E9211AD00E /* Frameworks */ = {
			isa = PBXGroup;
			children = (
				915F5FDF1A1B129200DF7089 /* libPods.a */,
			);
			name = Frameworks;
			sourceTree = "<group>";
		};
/* End PBXGroup section */

/* Begin PBXHeadersBuildPhase section */
		915F5FAC1A1B0A1700DF7089 /* Headers */ = {
			isa = PBXHeadersBuildPhase;
			buildActionMask = 2147483647;
			files = (
				915F5FB41A1B0A1700DF7089 /* WebPDFFramework.h in Headers */,
				915F5FDB1A1B110C00DF7089 /* UIWebView+PDF.h in Headers */,
				915F5FDC1A1B111000DF7089 /* UIWebView+Image.h in Headers */,
				915F5FDD1A1B111500DF7089 /* UIPrintPageRenderer+PDF.h in Headers */,
			);
			runOnlyForDeploymentPostprocessing = 0;
		};
/* End PBXHeadersBuildPhase section */

/* Begin PBXNativeTarget section */
		915F5FAE1A1B0A1700DF7089 /* WebPDFFramework */ = {
			isa = PBXNativeTarget;
			buildConfigurationList = 915F5FCC1A1B0A1700DF7089 /* Build configuration list for PBXNativeTarget "WebPDFFramework" */;
			buildPhases = (
				915F5FAA1A1B0A1700DF7089 /* Sources */,
				915F5FAB1A1B0A1700DF7089 /* Frameworks */,
				915F5FAC1A1B0A1700DF7089 /* Headers */,
				915F5FAD1A1B0A1700DF7089 /* Resources */,
			);
			buildRules = (
			);
			dependencies = (
			);
			name = WebPDFFramework;
			productName = WebPDFFramework;
			productReference = 915F5FAF1A1B0A1700DF7089 /* WebPDFFramework.framework */;
			productType = "com.apple.product-type.framework";
		};
		915F5FB81A1B0A1700DF7089 /* WebPDFFrameworkTests */ = {
			isa = PBXNativeTarget;
			buildConfigurationList = 915F5FCE1A1B0A1700DF7089 /* Build configuration list for PBXNativeTarget "WebPDFFrameworkTests" */;
			buildPhases = (
				915F5FB51A1B0A1700DF7089 /* Sources */,
				915F5FB61A1B0A1700DF7089 /* Frameworks */,
				915F5FB71A1B0A1700DF7089 /* Resources */,
			);
			buildRules = (
			);
			dependencies = (
				915F5FBC1A1B0A1700DF7089 /* PBXTargetDependency */,
				915F5FBE1A1B0A1700DF7089 /* PBXTargetDependency */,
			);
			name = WebPDFFrameworkTests;
			productName = WebPDFFrameworkTests;
			productReference = 915F5FB91A1B0A1700DF7089 /* WebPDFFrameworkTests.xctest */;
			productType = "com.apple.product-type.bundle.unit-test";
		};
		91638B8B1A1909C000B7FFCA /* ActionExtension */ = {
			isa = PBXNativeTarget;
			buildConfigurationList = 91638B9A1A1909C000B7FFCA /* Build configuration list for PBXNativeTarget "ActionExtension" */;
			buildPhases = (
				91638B881A1909C000B7FFCA /* Sources */,
				91638B891A1909C000B7FFCA /* Frameworks */,
				91638B8A1A1909C000B7FFCA /* Resources */,
			);
			buildRules = (
			);
			dependencies = (
			);
			name = ActionExtension;
			productName = ActionExtension;
			productReference = 91638B8C1A1909C000B7FFCA /* ActionExtension.appex */;
			productType = "com.apple.product-type.app-extension";
		};
		91D91E6A1A09CC2A00A89F80 /* WebPDF */ = {
			isa = PBXNativeTarget;
			buildConfigurationList = 91D91E941A09CC2A00A89F80 /* Build configuration list for PBXNativeTarget "WebPDF" */;
			buildPhases = (
				91D91E671A09CC2A00A89F80 /* Sources */,
				91D91E681A09CC2A00A89F80 /* Frameworks */,
				91D91E691A09CC2A00A89F80 /* Resources */,
				91638B9B1A1909C000B7FFCA /* Embed App Extensions */,
				915F5FCD1A1B0A1700DF7089 /* Embed Frameworks */,
			);
			buildRules = (
			);
			dependencies = (
				91638B961A1909C000B7FFCA /* PBXTargetDependency */,
				915F5FC51A1B0A1700DF7089 /* PBXTargetDependency */,
			);
			name = WebPDF;
			packageProductDependencies = (
			);
			productName = WebPDF;
			productReference = 91D91E6B1A09CC2A00A89F80 /* WebPDF.app */;
			productType = "com.apple.product-type.application";
		};
		91D91E891A09CC2A00A89F80 /* WebPDFTests */ = {
			isa = PBXNativeTarget;
			buildConfigurationList = 91D91E971A09CC2A00A89F80 /* Build configuration list for PBXNativeTarget "WebPDFTests" */;
			buildPhases = (
				91D91E861A09CC2A00A89F80 /* Sources */,
				91D91E871A09CC2A00A89F80 /* Frameworks */,
				91D91E881A09CC2A00A89F80 /* Resources */,
			);
			buildRules = (
			);
			dependencies = (
				91D91E8C1A09CC2A00A89F80 /* PBXTargetDependency */,
			);
			name = WebPDFTests;
			productName = WebPDFTests;
			productReference = 91D91E8A1A09CC2A00A89F80 /* WebPDFTests.xctest */;
			productType = "com.apple.product-type.bundle.unit-test";
		};
/* End PBXNativeTarget section */

/* Begin PBXProject section */
		91D91E631A09CC2A00A89F80 /* Project object */ = {
			isa = PBXProject;
			attributes = {
				LastUpgradeCheck = 1240;
				ORGANIZATIONNAME = "Doug Diego";
				TargetAttributes = {
					915F5FAE1A1B0A1700DF7089 = {
						CreatedOnToolsVersion = 6.1;
						DevelopmentTeam = V6HBKZC833;
					};
					915F5FB81A1B0A1700DF7089 = {
						CreatedOnToolsVersion = 6.1;
						TestTargetID = 91D91E6A1A09CC2A00A89F80;
					};
					91638B8B1A1909C000B7FFCA = {
						CreatedOnToolsVersion = 6.1;
						DevelopmentTeam = V6HBKZC833;
						SystemCapabilities = {
							com.apple.ApplicationGroups.iOS = {
								enabled = 1;
							};
						};
					};
					91D91E6A1A09CC2A00A89F80 = {
						CreatedOnToolsVersion = 6.1;
						DevelopmentTeam = V6HBKZC833;
						LastSwiftMigration = 1240;
						SystemCapabilities = {
							com.apple.ApplicationGroups.iOS = {
								enabled = 1;
							};
						};
					};
					91D91E891A09CC2A00A89F80 = {
						CreatedOnToolsVersion = 6.1;
						TestTargetID = 91D91E6A1A09CC2A00A89F80;
					};
				};
			};
			buildConfigurationList = 91D91E661A09CC2A00A89F80 /* Build configuration list for PBXProject "WebPDF" */;
			compatibilityVersion = "Xcode 3.2";
			developmentRegion = en;
			hasScannedForEncodings = 0;
			knownRegions = (
				en,
				Base,
			);
			mainGroup = 91D91E621A09CC2A00A89F80;
			packageReferences = (
			);
			productRefGroup = 91D91E6C1A09CC2A00A89F80 /* Products */;
			projectDirPath = "";
			projectRoot = "";
			targets = (
				91D91E6A1A09CC2A00A89F80 /* WebPDF */,
				91D91E891A09CC2A00A89F80 /* WebPDFTests */,
				91638B8B1A1909C000B7FFCA /* ActionExtension */,
				915F5FAE1A1B0A1700DF7089 /* WebPDFFramework */,
				915F5FB81A1B0A1700DF7089 /* WebPDFFrameworkTests */,
			);
		};
/* End PBXProject section */

/* Begin PBXResourcesBuildPhase section */
		915F5FAD1A1B0A1700DF7089 /* Resources */ = {
			isa = PBXResourcesBuildPhase;
			buildActionMask = 2147483647;
			files = (
			);
			runOnlyForDeploymentPostprocessing = 0;
		};
		915F5FB71A1B0A1700DF7089 /* Resources */ = {
			isa = PBXResourcesBuildPhase;
			buildActionMask = 2147483647;
			files = (
			);
			runOnlyForDeploymentPostprocessing = 0;
		};
		91638B8A1A1909C000B7FFCA /* Resources */ = {
			isa = PBXResourcesBuildPhase;
			buildActionMask = 2147483647;
			files = (
				91638B941A1909C000B7FFCA /* MainInterface.storyboard in Resources */,
				91638B9D1A1909E400B7FFCA /* ActionExtensionImages.xcassets in Resources */,
			);
			runOnlyForDeploymentPostprocessing = 0;
		};
		91D91E691A09CC2A00A89F80 /* Resources */ = {
			isa = PBXResourcesBuildPhase;
			buildActionMask = 2147483647;
			files = (
				917DC5A12625D8AF00B7886D /* SVProgressHUD.bundle in Resources */,
				91D91E801A09CC2A00A89F80 /* Main.storyboard in Resources */,
				91D91E851A09CC2A00A89F80 /* LaunchScreen.xib in Resources */,
				91B9EC4C1A39616500BCBCEA /* Licenses.plist in Resources */,
				91A6F31F1A0F31010066A9B6 /* about.html in Resources */,
				91D91E821A09CC2A00A89F80 /* Images.xcassets in Resources */,
				91A6F3221A0FC7020066A9B6 /* new.html in Resources */,
			);
			runOnlyForDeploymentPostprocessing = 0;
		};
		91D91E881A09CC2A00A89F80 /* Resources */ = {
			isa = PBXResourcesBuildPhase;
			buildActionMask = 2147483647;
			files = (
			);
			runOnlyForDeploymentPostprocessing = 0;
		};
/* End PBXResourcesBuildPhase section */

/* Begin PBXSourcesBuildPhase section */
		915F5FAA1A1B0A1700DF7089 /* Sources */ = {
			isa = PBXSourcesBuildPhase;
			buildActionMask = 2147483647;
			files = (
				915F5FD61A1B0F6400DF7089 /* UIWebView+PDF.m in Sources */,
				915F5FD81A1B0F6400DF7089 /* UIWebView+Image.m in Sources */,
				915F5FDA1A1B0F6400DF7089 /* UIPrintPageRenderer+PDF.m in Sources */,
			);
			runOnlyForDeploymentPostprocessing = 0;
		};
		915F5FB51A1B0A1700DF7089 /* Sources */ = {
			isa = PBXSourcesBuildPhase;
			buildActionMask = 2147483647;
			files = (
				915F5FC31A1B0A1700DF7089 /* WebPDFFrameworkTests.m in Sources */,
			);
			runOnlyForDeploymentPostprocessing = 0;
		};
		91638B881A1909C000B7FFCA /* Sources */ = {
			isa = PBXSourcesBuildPhase;
			buildActionMask = 2147483647;
			files = (
				91638B921A1909C000B7FFCA /* ActionViewController.m in Sources */,
			);
			runOnlyForDeploymentPostprocessing = 0;
		};
		91D91E671A09CC2A00A89F80 /* Sources */ = {
			isa = PBXSourcesBuildPhase;
			buildActionMask = 2147483647;
			files = (
				91D91E7D1A09CC2A00A89F80 /* DetailViewController.m in Sources */,
				91A6F30E1A0E72600066A9B6 /* SettingsTableViewCell.m in Sources */,
				917DC5772625D21600B7886D /* DDLicensesViewController.m in Sources */,
				91D91E9F1A09CCBA00A89F80 /* WebViewController.m in Sources */,
				91D91E7A1A09CC2A00A89F80 /* MasterViewController.m in Sources */,
				917DC59E2625D8AF00B7886D /* SVProgressAnimatedView.m in Sources */,
				91A6F2F91A09EDBE0066A9B6 /* PageListTableViewCell.m in Sources */,
				917DC59F2625D8AF00B7886D /* SVProgressHUD.m in Sources */,
				91D91E771A09CC2A00A89F80 /* WebPDF.xcdatamodeld in Sources */,
				91D91E741A09CC2A00A89F80 /* AppDelegate.m in Sources */,
				917DC5762625D21600B7886D /* DDLicense.m in Sources */,
				91A6F30B1A0E6B1A0066A9B6 /* SettingsViewController.m in Sources */,
				91A6F2F61A09E68C0066A9B6 /* NSString+Timestamp.m in Sources */,
				91A6F31A1A0F2BEF0066A9B6 /* HTMLViewController.m in Sources */,
				917DC59D2625D8AF00B7886D /* SVRadialGradientLayer.m in Sources */,
				917DC5A02625D8AF00B7886D /* SVIndefiniteAnimatedView.m in Sources */,
				917DC5752625D21600B7886D /* DDLicenseViewController.m in Sources */,
				91A6F3171A0F21650066A9B6 /* WebPDFUtils.m in Sources */,
				915F5FDE1A1B114400DF7089 /* UIColor+WebPDF.m in Sources */,
				91D91E711A09CC2A00A89F80 /* main.m in Sources */,
			);
			runOnlyForDeploymentPostprocessing = 0;
		};
		91D91E861A09CC2A00A89F80 /* Sources */ = {
			isa = PBXSourcesBuildPhase;
			buildActionMask = 2147483647;
			files = (
				91D91E911A09CC2A00A89F80 /* WebPDFTests.m in Sources */,
			);
			runOnlyForDeploymentPostprocessing = 0;
		};
/* End PBXSourcesBuildPhase section */

/* Begin PBXTargetDependency section */
		915F5FBC1A1B0A1700DF7089 /* PBXTargetDependency */ = {
			isa = PBXTargetDependency;
			target = 915F5FAE1A1B0A1700DF7089 /* WebPDFFramework */;
			targetProxy = 915F5FBB1A1B0A1700DF7089 /* PBXContainerItemProxy */;
		};
		915F5FBE1A1B0A1700DF7089 /* PBXTargetDependency */ = {
			isa = PBXTargetDependency;
			target = 91D91E6A1A09CC2A00A89F80 /* WebPDF */;
			targetProxy = 915F5FBD1A1B0A1700DF7089 /* PBXContainerItemProxy */;
		};
		915F5FC51A1B0A1700DF7089 /* PBXTargetDependency */ = {
			isa = PBXTargetDependency;
			target = 915F5FAE1A1B0A1700DF7089 /* WebPDFFramework */;
			targetProxy = 915F5FC41A1B0A1700DF7089 /* PBXContainerItemProxy */;
		};
		91638B961A1909C000B7FFCA /* PBXTargetDependency */ = {
			isa = PBXTargetDependency;
			target = 91638B8B1A1909C000B7FFCA /* ActionExtension */;
			targetProxy = 91638B951A1909C000B7FFCA /* PBXContainerItemProxy */;
		};
		91D91E8C1A09CC2A00A89F80 /* PBXTargetDependency */ = {
			isa = PBXTargetDependency;
			target = 91D91E6A1A09CC2A00A89F80 /* WebPDF */;
			targetProxy = 91D91E8B1A09CC2A00A89F80 /* PBXContainerItemProxy */;
		};
/* End PBXTargetDependency section */

/* Begin PBXVariantGroup section */
		91D91E7E1A09CC2A00A89F80 /* Main.storyboard */ = {
			isa = PBXVariantGroup;
			children = (
				91D91E7F1A09CC2A00A89F80 /* Base */,
			);
			name = Main.storyboard;
			sourceTree = "<group>";
		};
		91D91E831A09CC2A00A89F80 /* LaunchScreen.xib */ = {
			isa = PBXVariantGroup;
			children = (
				91D91E841A09CC2A00A89F80 /* Base */,
			);
			name = LaunchScreen.xib;
			sourceTree = "<group>";
		};
/* End PBXVariantGroup section */

/* Begin XCBuildConfiguration section */
		915F5FC81A1B0A1700DF7089 /* Debug */ = {
			isa = XCBuildConfiguration;
			buildSettings = {
				CODE_SIGN_IDENTITY = "";
				"CODE_SIGN_IDENTITY[sdk=iphoneos*]" = "iPhone Developer";
				CURRENT_PROJECT_VERSION = 1;
				DEFINES_MODULE = YES;
				DYLIB_COMPATIBILITY_VERSION = 1;
				DYLIB_CURRENT_VERSION = 1;
				DYLIB_INSTALL_NAME_BASE = "@rpath";
				GCC_PREPROCESSOR_DEFINITIONS = (
					"DEBUG=1",
					"$(inherited)",
				);
				INFOPLIST_FILE = WebPDFFramework/Info.plist;
				INSTALL_PATH = "$(LOCAL_LIBRARY_DIR)/Frameworks";
				IPHONEOS_DEPLOYMENT_TARGET = 12.0;
				LD_RUNPATH_SEARCH_PATHS = "$(inherited) @executable_path/Frameworks @loader_path/Frameworks";
				LIBRARY_SEARCH_PATHS = (
					"$(inherited)",
					"$(PROJECT_DIR)/Pods/build/Debug-iphoneos",
				);
				PRODUCT_BUNDLE_IDENTIFIER = "org.diego.ios.$(PRODUCT_NAME:rfc1034identifier)";
				PRODUCT_NAME = "$(TARGET_NAME)";
				SKIP_INSTALL = YES;
				VERSIONING_SYSTEM = "apple-generic";
				VERSION_INFO_PREFIX = "";
			};
			name = Debug;
		};
		915F5FC91A1B0A1700DF7089 /* Release */ = {
			isa = XCBuildConfiguration;
			buildSettings = {
				CODE_SIGN_IDENTITY = "";
				"CODE_SIGN_IDENTITY[sdk=iphoneos*]" = "iPhone Developer";
				CURRENT_PROJECT_VERSION = 1;
				DEFINES_MODULE = YES;
				DYLIB_COMPATIBILITY_VERSION = 1;
				DYLIB_CURRENT_VERSION = 1;
				DYLIB_INSTALL_NAME_BASE = "@rpath";
				INFOPLIST_FILE = WebPDFFramework/Info.plist;
				INSTALL_PATH = "$(LOCAL_LIBRARY_DIR)/Frameworks";
				IPHONEOS_DEPLOYMENT_TARGET = 12.0;
				LD_RUNPATH_SEARCH_PATHS = "$(inherited) @executable_path/Frameworks @loader_path/Frameworks";
				LIBRARY_SEARCH_PATHS = (
					"$(inherited)",
					"$(PROJECT_DIR)/Pods/build/Debug-iphoneos",
				);
				PRODUCT_BUNDLE_IDENTIFIER = "org.diego.ios.$(PRODUCT_NAME:rfc1034identifier)";
				PRODUCT_NAME = "$(TARGET_NAME)";
				SKIP_INSTALL = YES;
				VERSIONING_SYSTEM = "apple-generic";
				VERSION_INFO_PREFIX = "";
			};
			name = Release;
		};
		915F5FCA1A1B0A1700DF7089 /* Debug */ = {
			isa = XCBuildConfiguration;
			buildSettings = {
				FRAMEWORK_SEARCH_PATHS = (
					"$(SDKROOT)/Developer/Library/Frameworks",
					"$(inherited)",
				);
				GCC_PREPROCESSOR_DEFINITIONS = (
					"DEBUG=1",
					"$(inherited)",
				);
				INFOPLIST_FILE = WebPDFFrameworkTests/Info.plist;
				IPHONEOS_DEPLOYMENT_TARGET = 12.0;
				LD_RUNPATH_SEARCH_PATHS = "$(inherited) @executable_path/Frameworks @loader_path/Frameworks";
				PRODUCT_BUNDLE_IDENTIFIER = "org.diego.ios.$(PRODUCT_NAME:rfc1034identifier)";
				PRODUCT_NAME = "$(TARGET_NAME)";
				TEST_HOST = "$(BUILT_PRODUCTS_DIR)/WebPDF.app/WebPDF";
			};
			name = Debug;
		};
		915F5FCB1A1B0A1700DF7089 /* Release */ = {
			isa = XCBuildConfiguration;
			buildSettings = {
				FRAMEWORK_SEARCH_PATHS = (
					"$(SDKROOT)/Developer/Library/Frameworks",
					"$(inherited)",
				);
				INFOPLIST_FILE = WebPDFFrameworkTests/Info.plist;
				IPHONEOS_DEPLOYMENT_TARGET = 12.0;
				LD_RUNPATH_SEARCH_PATHS = "$(inherited) @executable_path/Frameworks @loader_path/Frameworks";
				PRODUCT_BUNDLE_IDENTIFIER = "org.diego.ios.$(PRODUCT_NAME:rfc1034identifier)";
				PRODUCT_NAME = "$(TARGET_NAME)";
				TEST_HOST = "$(BUILT_PRODUCTS_DIR)/WebPDF.app/WebPDF";
			};
			name = Release;
		};
		91638B981A1909C000B7FFCA /* Debug */ = {
			isa = XCBuildConfiguration;
			buildSettings = {
				ASSETCATALOG_COMPILER_APPICON_NAME = AppIcon;
				CODE_SIGN_ENTITLEMENTS = ActionExtension/ActionExtension.entitlements;
				CODE_SIGN_IDENTITY = "iPhone Developer";
				"CODE_SIGN_IDENTITY[sdk=iphoneos*]" = "iPhone Developer";
				GCC_PREPROCESSOR_DEFINITIONS = (
					"DEBUG=1",
					"$(inherited)",
				);
				INFOPLIST_FILE = ActionExtension/Info.plist;
				IPHONEOS_DEPLOYMENT_TARGET = 12.0;
				LD_RUNPATH_SEARCH_PATHS = "$(inherited) @executable_path/Frameworks @executable_path/../../Frameworks";
				PRODUCT_BUNDLE_IDENTIFIER = "org.diego.ios.WebPDF.$(PRODUCT_NAME:rfc1034identifier)";
				PRODUCT_NAME = "$(TARGET_NAME)";
				PROVISIONING_PROFILE = "";
				SKIP_INSTALL = YES;
			};
			name = Debug;
		};
		91638B991A1909C000B7FFCA /* Release */ = {
			isa = XCBuildConfiguration;
			buildSettings = {
				ASSETCATALOG_COMPILER_APPICON_NAME = AppIcon;
				CODE_SIGN_ENTITLEMENTS = ActionExtension/ActionExtension.entitlements;
				CODE_SIGN_IDENTITY = "iPhone Developer";
				"CODE_SIGN_IDENTITY[sdk=iphoneos*]" = "iPhone Developer";
				INFOPLIST_FILE = ActionExtension/Info.plist;
				IPHONEOS_DEPLOYMENT_TARGET = 12.0;
				LD_RUNPATH_SEARCH_PATHS = "$(inherited) @executable_path/Frameworks @executable_path/../../Frameworks";
				PRODUCT_BUNDLE_IDENTIFIER = "org.diego.ios.WebPDF.$(PRODUCT_NAME:rfc1034identifier)";
				PRODUCT_NAME = "$(TARGET_NAME)";
				PROVISIONING_PROFILE = "";
				SKIP_INSTALL = YES;
			};
			name = Release;
		};
		91D91E921A09CC2A00A89F80 /* Debug */ = {
			isa = XCBuildConfiguration;
			buildSettings = {
				ALWAYS_SEARCH_USER_PATHS = NO;
				CLANG_ANALYZER_LOCALIZABILITY_NONLOCALIZED = YES;
				CLANG_CXX_LANGUAGE_STANDARD = "gnu++0x";
				CLANG_CXX_LIBRARY = "libc++";
				CLANG_ENABLE_MODULES = YES;
				CLANG_ENABLE_OBJC_ARC = YES;
				CLANG_WARN_BLOCK_CAPTURE_AUTORELEASING = YES;
				CLANG_WARN_BOOL_CONVERSION = YES;
				CLANG_WARN_COMMA = YES;
				CLANG_WARN_CONSTANT_CONVERSION = YES;
				CLANG_WARN_DEPRECATED_OBJC_IMPLEMENTATIONS = YES;
				CLANG_WARN_DIRECT_OBJC_ISA_USAGE = YES_ERROR;
				CLANG_WARN_EMPTY_BODY = YES;
				CLANG_WARN_ENUM_CONVERSION = YES;
				CLANG_WARN_INFINITE_RECURSION = YES;
				CLANG_WARN_INT_CONVERSION = YES;
				CLANG_WARN_NON_LITERAL_NULL_CONVERSION = YES;
				CLANG_WARN_OBJC_IMPLICIT_RETAIN_SELF = YES;
				CLANG_WARN_OBJC_LITERAL_CONVERSION = YES;
				CLANG_WARN_OBJC_ROOT_CLASS = YES_ERROR;
				CLANG_WARN_QUOTED_INCLUDE_IN_FRAMEWORK_HEADER = YES;
				CLANG_WARN_RANGE_LOOP_ANALYSIS = YES;
				CLANG_WARN_STRICT_PROTOTYPES = YES;
				CLANG_WARN_SUSPICIOUS_MOVE = YES;
				CLANG_WARN_UNREACHABLE_CODE = YES;
				CLANG_WARN__DUPLICATE_METHOD_MATCH = YES;
				"CODE_SIGN_IDENTITY[sdk=iphoneos*]" = "iPhone Developer";
				COPY_PHASE_STRIP = NO;
				DEFINES_MODULE = YES;
				ENABLE_STRICT_OBJC_MSGSEND = YES;
				ENABLE_TESTABILITY = YES;
				GCC_C_LANGUAGE_STANDARD = gnu99;
				GCC_DYNAMIC_NO_PIC = NO;
				GCC_NO_COMMON_BLOCKS = YES;
				GCC_OPTIMIZATION_LEVEL = 0;
				GCC_PREPROCESSOR_DEFINITIONS = (
					"DEBUG=1",
					"$(inherited)",
				);
				GCC_SYMBOLS_PRIVATE_EXTERN = NO;
				GCC_WARN_64_TO_32_BIT_CONVERSION = YES;
				GCC_WARN_ABOUT_RETURN_TYPE = YES_ERROR;
				GCC_WARN_UNDECLARED_SELECTOR = YES;
				GCC_WARN_UNINITIALIZED_AUTOS = YES_AGGRESSIVE;
				GCC_WARN_UNUSED_FUNCTION = YES;
				GCC_WARN_UNUSED_VARIABLE = YES;
				IPHONEOS_DEPLOYMENT_TARGET = 12.0;
				MTL_ENABLE_DEBUG_INFO = YES;
				ONLY_ACTIVE_ARCH = YES;
				SDKROOT = iphoneos;
				TARGETED_DEVICE_FAMILY = "1,2";
			};
			name = Debug;
		};
		91D91E931A09CC2A00A89F80 /* Release */ = {
			isa = XCBuildConfiguration;
			buildSettings = {
				ALWAYS_SEARCH_USER_PATHS = NO;
				CLANG_ANALYZER_LOCALIZABILITY_NONLOCALIZED = YES;
				CLANG_CXX_LANGUAGE_STANDARD = "gnu++0x";
				CLANG_CXX_LIBRARY = "libc++";
				CLANG_ENABLE_MODULES = YES;
				CLANG_ENABLE_OBJC_ARC = YES;
				CLANG_WARN_BLOCK_CAPTURE_AUTORELEASING = YES;
				CLANG_WARN_BOOL_CONVERSION = YES;
				CLANG_WARN_COMMA = YES;
				CLANG_WARN_CONSTANT_CONVERSION = YES;
				CLANG_WARN_DEPRECATED_OBJC_IMPLEMENTATIONS = YES;
				CLANG_WARN_DIRECT_OBJC_ISA_USAGE = YES_ERROR;
				CLANG_WARN_EMPTY_BODY = YES;
				CLANG_WARN_ENUM_CONVERSION = YES;
				CLANG_WARN_INFINITE_RECURSION = YES;
				CLANG_WARN_INT_CONVERSION = YES;
				CLANG_WARN_NON_LITERAL_NULL_CONVERSION = YES;
				CLANG_WARN_OBJC_IMPLICIT_RETAIN_SELF = YES;
				CLANG_WARN_OBJC_LITERAL_CONVERSION = YES;
				CLANG_WARN_OBJC_ROOT_CLASS = YES_ERROR;
				CLANG_WARN_QUOTED_INCLUDE_IN_FRAMEWORK_HEADER = YES;
				CLANG_WARN_RANGE_LOOP_ANALYSIS = YES;
				CLANG_WARN_STRICT_PROTOTYPES = YES;
				CLANG_WARN_SUSPICIOUS_MOVE = YES;
				CLANG_WARN_UNREACHABLE_CODE = YES;
				CLANG_WARN__DUPLICATE_METHOD_MATCH = YES;
				CODE_SIGN_IDENTITY = "iPhone Distribution";
				"CODE_SIGN_IDENTITY[sdk=iphoneos*]" = "iPhone Distribution";
				COPY_PHASE_STRIP = YES;
				DEFINES_MODULE = YES;
				ENABLE_NS_ASSERTIONS = NO;
				ENABLE_STRICT_OBJC_MSGSEND = YES;
				GCC_C_LANGUAGE_STANDARD = gnu99;
				GCC_NO_COMMON_BLOCKS = YES;
				GCC_WARN_64_TO_32_BIT_CONVERSION = YES;
				GCC_WARN_ABOUT_RETURN_TYPE = YES_ERROR;
				GCC_WARN_UNDECLARED_SELECTOR = YES;
				GCC_WARN_UNINITIALIZED_AUTOS = YES_AGGRESSIVE;
				GCC_WARN_UNUSED_FUNCTION = YES;
				GCC_WARN_UNUSED_VARIABLE = YES;
				IPHONEOS_DEPLOYMENT_TARGET = 12.0;
				MTL_ENABLE_DEBUG_INFO = NO;
				SDKROOT = iphoneos;
				TARGETED_DEVICE_FAMILY = "1,2";
				VALIDATE_PRODUCT = YES;
			};
			name = Release;
		};
		91D91E951A09CC2A00A89F80 /* Debug */ = {
			isa = XCBuildConfiguration;
			buildSettings = {
				ASSETCATALOG_COMPILER_APPICON_NAME = AppIcon;
				CLANG_ENABLE_MODULES = YES;
				CODE_SIGN_ENTITLEMENTS = WebPDF/WebPDF.entitlements;
				CODE_SIGN_IDENTITY = "iPhone Developer";
				"CODE_SIGN_IDENTITY[sdk=iphoneos*]" = "iPhone Developer";
				GCC_PREFIX_HEADER = "$(SRCROOT)/WebPDF/PrefixHeader.pch";
				INFOPLIST_FILE = WebPDF/Info.plist;
				IPHONEOS_DEPLOYMENT_TARGET = 12.0;
				LD_RUNPATH_SEARCH_PATHS = "$(inherited) @executable_path/Frameworks";
				PRODUCT_BUNDLE_IDENTIFIER = "org.diego.ios.$(PRODUCT_NAME:rfc1034identifier)";
				PRODUCT_NAME = "$(TARGET_NAME)";
				PROVISIONING_PROFILE = "";
				SWIFT_OBJC_BRIDGING_HEADER = "WebPDF/WebPDF-Bridging-Header.h";
				SWIFT_OPTIMIZATION_LEVEL = "-Onone";
				SWIFT_VERSION = 5.0;
			};
			name = Debug;
		};
		91D91E961A09CC2A00A89F80 /* Release */ = {
			isa = XCBuildConfiguration;
			buildSettings = {
				ASSETCATALOG_COMPILER_APPICON_NAME = AppIcon;
				CLANG_ENABLE_MODULES = YES;
				CODE_SIGN_ENTITLEMENTS = WebPDF/WebPDF.entitlements;
				CODE_SIGN_IDENTITY = "iPhone Developer";
				"CODE_SIGN_IDENTITY[sdk=iphoneos*]" = "iPhone Developer";
				GCC_PREFIX_HEADER = "$(SRCROOT)/WebPDF/PrefixHeader.pch";
				INFOPLIST_FILE = WebPDF/Info.plist;
				IPHONEOS_DEPLOYMENT_TARGET = 12.0;
				LD_RUNPATH_SEARCH_PATHS = "$(inherited) @executable_path/Frameworks";
				PRODUCT_BUNDLE_IDENTIFIER = "org.diego.ios.$(PRODUCT_NAME:rfc1034identifier)";
				PRODUCT_NAME = "$(TARGET_NAME)";
				PROVISIONING_PROFILE = "";
				SWIFT_OBJC_BRIDGING_HEADER = "WebPDF/WebPDF-Bridging-Header.h";
				SWIFT_VERSION = 5.0;
			};
			name = Release;
		};
		91D91E981A09CC2A00A89F80 /* Debug */ = {
			isa = XCBuildConfiguration;
			buildSettings = {
				BUNDLE_LOADER = "$(TEST_HOST)";
				FRAMEWORK_SEARCH_PATHS = (
					"$(SDKROOT)/Developer/Library/Frameworks",
					"$(inherited)",
				);
				GCC_PREPROCESSOR_DEFINITIONS = (
					"DEBUG=1",
					"$(inherited)",
				);
				INFOPLIST_FILE = WebPDFTests/Info.plist;
				LD_RUNPATH_SEARCH_PATHS = "$(inherited) @executable_path/Frameworks @loader_path/Frameworks";
				PRODUCT_BUNDLE_IDENTIFIER = "org.diego.ios.$(PRODUCT_NAME:rfc1034identifier)";
				PRODUCT_NAME = "$(TARGET_NAME)";
				TEST_HOST = "$(BUILT_PRODUCTS_DIR)/WebPDF.app/WebPDF";
			};
			name = Debug;
		};
		91D91E991A09CC2A00A89F80 /* Release */ = {
			isa = XCBuildConfiguration;
			buildSettings = {
				BUNDLE_LOADER = "$(TEST_HOST)";
				FRAMEWORK_SEARCH_PATHS = (
					"$(SDKROOT)/Developer/Library/Frameworks",
					"$(inherited)",
				);
				INFOPLIST_FILE = WebPDFTests/Info.plist;
				LD_RUNPATH_SEARCH_PATHS = "$(inherited) @executable_path/Frameworks @loader_path/Frameworks";
				PRODUCT_BUNDLE_IDENTIFIER = "org.diego.ios.$(PRODUCT_NAME:rfc1034identifier)";
				PRODUCT_NAME = "$(TARGET_NAME)";
				TEST_HOST = "$(BUILT_PRODUCTS_DIR)/WebPDF.app/WebPDF";
			};
			name = Release;
		};
/* End XCBuildConfiguration section */

/* Begin XCConfigurationList section */
		915F5FCC1A1B0A1700DF7089 /* Build configuration list for PBXNativeTarget "WebPDFFramework" */ = {
			isa = XCConfigurationList;
			buildConfigurations = (
				915F5FC81A1B0A1700DF7089 /* Debug */,
				915F5FC91A1B0A1700DF7089 /* Release */,
			);
			defaultConfigurationIsVisible = 0;
			defaultConfigurationName = Release;
		};
		915F5FCE1A1B0A1700DF7089 /* Build configuration list for PBXNativeTarget "WebPDFFrameworkTests" */ = {
			isa = XCConfigurationList;
			buildConfigurations = (
				915F5FCA1A1B0A1700DF7089 /* Debug */,
				915F5FCB1A1B0A1700DF7089 /* Release */,
			);
			defaultConfigurationIsVisible = 0;
			defaultConfigurationName = Release;
		};
		91638B9A1A1909C000B7FFCA /* Build configuration list for PBXNativeTarget "ActionExtension" */ = {
			isa = XCConfigurationList;
			buildConfigurations = (
				91638B981A1909C000B7FFCA /* Debug */,
				91638B991A1909C000B7FFCA /* Release */,
			);
			defaultConfigurationIsVisible = 0;
			defaultConfigurationName = Release;
		};
		91D91E661A09CC2A00A89F80 /* Build configuration list for PBXProject "WebPDF" */ = {
			isa = XCConfigurationList;
			buildConfigurations = (
				91D91E921A09CC2A00A89F80 /* Debug */,
				91D91E931A09CC2A00A89F80 /* Release */,
			);
			defaultConfigurationIsVisible = 0;
			defaultConfigurationName = Release;
		};
		91D91E941A09CC2A00A89F80 /* Build configuration list for PBXNativeTarget "WebPDF" */ = {
			isa = XCConfigurationList;
			buildConfigurations = (
				91D91E951A09CC2A00A89F80 /* Debug */,
				91D91E961A09CC2A00A89F80 /* Release */,
			);
			defaultConfigurationIsVisible = 0;
			defaultConfigurationName = Release;
		};
		91D91E971A09CC2A00A89F80 /* Build configuration list for PBXNativeTarget "WebPDFTests" */ = {
			isa = XCConfigurationList;
			buildConfigurations = (
				91D91E981A09CC2A00A89F80 /* Debug */,
				91D91E991A09CC2A00A89F80 /* Release */,
			);
			defaultConfigurationIsVisible = 0;
			defaultConfigurationName = Release;
		};
/* End XCConfigurationList section */

/* Begin XCVersionGroup section */
		91D91E751A09CC2A00A89F80 /* WebPDF.xcdatamodeld */ = {
			isa = XCVersionGroup;
			children = (
				91D91E761A09CC2A00A89F80 /* WebPDF.xcdatamodel */,
			);
			currentVersion = 91D91E761A09CC2A00A89F80 /* WebPDF.xcdatamodel */;
			path = WebPDF.xcdatamodeld;
			sourceTree = "<group>";
			versionGroupType = wrapper.xcdatamodel;
		};
/* End XCVersionGroup section */
	};
	rootObject = 91D91E631A09CC2A00A89F80 /* Project object */;
}
